
Microsoft Visual Studio Solution File, Format Version 12.00
# Visual Studio Version 17
VisualStudioVersion = 17.13.35919.96 d17.13
MinimumVisualStudioVersion = 10.0.40219.1
Project("{FAE04EC0-301F-11D3-BF4B-00C04F79EFBC}") = "api_auth", "api_auth.csproj", "{6193318C-FC3E-492F-B2C8-EA8D1BF844A1}"
EndProject
Global
	GlobalSection(SolutionConfigurationPlatforms) = preSolution
		Debug|Any CPU = Debug|Any CPU
		Release|Any CPU = Release|Any CPU
	EndGlobalSection
	GlobalSection(ProjectConfigurationPlatforms) = postSolution
		{6193318C-FC3E-492F-B2C8-EA8D1BF844A1}.Debug|Any CPU.ActiveCfg = Debug|Any CPU
		{6193318C-FC3E-492F-B2C8-EA8D1BF844A1}.Debug|Any CPU.Build.0 = Debug|Any CPU
		{6193318C-FC3E-492F-B2C8-EA8D1BF844A1}.Release|Any CPU.ActiveCfg = Release|Any CPU
		{6193318C-FC3E-492F-B2C8-EA8D1BF844A1}.Release|Any CPU.Build.0 = Release|Any CPU
	EndGlobalSection
	GlobalSection(SolutionProperties) = preSolution
		HideSolutionNode = FALSE
	EndGlobalSection
	GlobalSection(ExtensibilityGlobals) = postSolution
		SolutionGuid = {0D82AC7D-1EFB-4526-90B7-CDE31A965C95}
	EndGlobalSection
EndGlobal
